Microsoft Visual Studio Solution File, Format Version 12.00
# Visual Studio Version 17
VisualStudioVersion = 17.5.2.0
MinimumVisualStudioVersion = 10.0.40219.1
Project("{FAE04EC0-301F-11D3-BF4B-00C04F79EFBC}") = "Program2-OnlineOrdering", "Program2-OnlineOrdering\Program2-OnlineOrdering.csproj", "{8D3BD854-2F3A-482D-28E0-231A2D8B2277}"
EndProject
Project("{FAE04EC0-301F-11D3-BF4B-00C04F79EFBC}") = "Program1-YouTubeVideos", "Program1-YouTubeVideos\Program1-YouTubeVideos.csproj", "{8746E48A-E907-98A8-AEBB-6C7047D37980}"
EndProject
Global
	GlobalSection(SolutionConfigurationPlatforms) = preSolution
		Debug|Any CPU = Debug|Any CPU
		Release|Any CPU = Release|Any CPU
	EndGlobalSection
	GlobalSection(ProjectConfigurationPlatforms) = postSolution
		{8D3BD854-2F3A-482D-28E0-231A2D8B2277}.Debug|Any CPU.ActiveCfg = Debug|Any CPU
		{8D3BD854-2F3A-482D-28E0-231A2D8B2277}.Debug|Any CPU.Build.0 = Debug|Any CPU
		{8D3BD854-2F3A-482D-28E0-231A2D8B2277}.Release|Any CPU.ActiveCfg = Release|Any CPU
		{8D3BD854-2F3A-482D-28E0-231A2D8B2277}.Release|Any CPU.Build.0 = Release|Any CPU
		{8746E48A-E907-98A8-AEBB-6C7047D37980}.Debug|Any CPU.ActiveCfg = Debug|Any CPU
		{8746E48A-E907-98A8-AEBB-6C7047D37980}.Debug|Any CPU.Build.0 = Debug|Any CPU
		{8746E48A-E907-98A8-AEBB-6C7047D37980}.Release|Any CPU.ActiveCfg = Release|Any CPU
		{8746E48A-E907-98A8-AEBB-6C7047D37980}.Release|Any CPU.Build.0 = Release|Any CPU
	EndGlobalSection
	GlobalSection(SolutionProperties) = preSolution
		HideSolutionNode = FALSE
	EndGlobalSection
	GlobalSection(ExtensibilityGlobals) = postSolution
		SolutionGuid = {264311B3-102E-419C-A4A5-D76143F40D99}
	EndGlobalSection
EndGlobal
